
Microsoft Visual Studio Solution File, Format Version 12.00
# Visual Studio Version 17
VisualStudioVersion = 17.11.35312.102
MinimumVisualStudioVersion = 10.0.40219.1
Project("{FAE04EC0-301F-11D3-BF4B-00C04F79EFBC}") = "EF_DB", "EF_DB.csproj", "{AA3D1AD4-436F-4398-B719-8799C8B7B047}"
EndProject
Global
	GlobalSection(SolutionConfigurationPlatforms) = preSolution
		Debug|Any CPU = Debug|Any CPU
		Release|Any CPU = Release|Any CPU
	EndGlobalSection
	GlobalSection(ProjectConfigurationPlatforms) = postSolution
		{AA3D1AD4-436F-4398-B719-8799C8B7B047}.Debug|Any CPU.ActiveCfg = Debug|Any CPU
		{AA3D1AD4-436F-4398-B719-8799C8B7B047}.Debug|Any CPU.Build.0 = Debug|Any CPU
		{AA3D1AD4-436F-4398-B719-8799C8B7B047}.Release|Any CPU.ActiveCfg = Release|Any CPU
		{AA3D1AD4-436F-4398-B719-8799C8B7B047}.Release|Any CPU.Build.0 = Release|Any CPU
	EndGlobalSection
	GlobalSection(SolutionProperties) = preSolution
		HideSolutionNode = FALSE
	EndGlobalSection
	GlobalSection(ExtensibilityGlobals) = postSolution
		SolutionGuid = {04B7B915-BEC8-4133-851C-2796F88EE359}
	EndGlobalSection
EndGlobal
